
Microsoft Visual Studio Solution File, Format Version 12.00
# Visual Studio Version 16
VisualStudioVersion = 16.0.30225.117
MinimumVisualStudioVersion = 10.0.40219.1
Project("{FAE04EC0-301F-11D3-BF4B-00C04F79EFBC}") = "Homework", "Homework\Homework.csproj", "{FAB114B1-D107-42AD-812A-C5AFB7EF67BA}"
EndProject
Global
	GlobalSection(SolutionConfigurationPlatforms) = preSolution
		Debug|Any CPU = Debug|Any CPU
		Release|Any CPU = Release|Any CPU
	EndGlobalSection
	GlobalSection(ProjectConfigurationPlatforms) = postSolution
		{FAB114B1-D107-42AD-812A-C5AFB7EF67BA}.Debug|Any CPU.ActiveCfg = Debug|Any CPU
		{FAB114B1-D107-42AD-812A-C5AFB7EF67BA}.Debug|Any CPU.Build.0 = Debug|Any CPU
		{FAB114B1-D107-42AD-812A-C5AFB7EF67BA}.Release|Any CPU.ActiveCfg = Release|Any CPU
		{FAB114B1-D107-42AD-812A-C5AFB7EF67BA}.Release|Any CPU.Build.0 = Release|Any CPU
	EndGlobalSection
	GlobalSection(SolutionProperties) = preSolution
		HideSolutionNode = FALSE
	EndGlobalSection
	GlobalSection(ExtensibilityGlobals) = postSolution
		SolutionGuid = {10B9C7AC-78E4-456C-96BA-23B545FB8089}
	EndGlobalSection
EndGlobal
